
Microsoft Visual Studio Solution File, Format Version 12.00
# Visual Studio Version 17
VisualStudioVersion = 17.12.35521.163
MinimumVisualStudioVersion = 10.0.40219.1
Project("{FAE04EC0-301F-11D3-BF4B-00C04F79EFBC}") = "HealthMed.Auth.API", "HealthMed.Auth.API\HealthMed.Auth.API.csproj", "{0779925F-5993-435A-83B4-2531BCD700D5}"
EndProject
Project("{2150E333-8FDC-42A3-9474-1A3956D46DE8}") = "HealthMed.Auth", "HealthMed.Auth", "{12FCC98C-D366-41F5-9523-1BAE7DC8FAA5}"
EndProject
Project("{2150E333-8FDC-42A3-9474-1A3956D46DE8}") = "HealthMed.Appointments", "HealthMed.Appointments", "{FA37A779-59AD-4F30-93B8-2F6F36A6F87B}"
EndProject
Project("{FAE04EC0-301F-11D3-BF4B-00C04F79EFBC}") = "HealthMed.Appointments.API", "HealthMed.Appointments\HealthMed.Appointments.API.csproj", "{7F6D2ABA-ACD2-495C-A600-9CD6E5388FDB}"
EndProject
Project("{2150E333-8FDC-42A3-9474-1A3956D46DE8}") = "Shared", "Shared", "{CD45A4CC-774F-4516-95FE-B940F9E0B450}"
EndProject
Project("{FAE04EC0-301F-11D3-BF4B-00C04F79EFBC}") = "HealthMed.Shared", "HealthMed.Shared\HealthMed.Shared.csproj", "{DCB891A1-2BE4-4BB2-A221-65C287EE9870}"
EndProject
Project("{FAE04EC0-301F-11D3-BF4B-00C04F79EFBC}") = "HealthMed.Auth.Application", "HealthMed.Auth.Application\HealthMed.Auth.Application.csproj", "{4638ECDB-4C1A-45B6-ABB7-30490844F3DA}"
EndProject
Project("{FAE04EC0-301F-11D3-BF4B-00C04F79EFBC}") = "HealthMed.Auth.Domain", "HealthMed.Auth.Domain\HealthMed.Auth.Domain.csproj", "{2BDC86C1-3EE4-4A3F-BF39-949582FF7A13}"
EndProject
Project("{FAE04EC0-301F-11D3-BF4B-00C04F79EFBC}") = "HealthMed.Auth.Infrastructure", "HealthMed.Auth.Infrastructure\HealthMed.Auth.Infrastructure.csproj", "{5B5A0C8E-817E-468C-9A91-574ABEFB9CC5}"
EndProject
Project("{FAE04EC0-301F-11D3-BF4B-00C04F79EFBC}") = "HealthMed.Appointments.Application", "HealthMed.Appointments.Application\HealthMed.Appointments.Application.csproj", "{B57C4909-BF9F-494D-AA56-7C1609D8309A}"
EndProject
Project("{FAE04EC0-301F-11D3-BF4B-00C04F79EFBC}") = "HealthMed.Appointments.Domain", "HealthMed.Appointments.Domain\HealthMed.Appointments.Domain.csproj", "{7B1DCE58-3DA9-4813-B18E-6BB7DBCAD2D2}"
EndProject
Project("{FAE04EC0-301F-11D3-BF4B-00C04F79EFBC}") = "HealthMed.Appointments.Infrastructure", "HealthMed.Appointments.Infrastructure\HealthMed.Appointments.Infrastructure.csproj", "{EE73119F-55CF-4266-BBF2-CB6F87DDAD55}"
EndProject
Project("{2150E333-8FDC-42A3-9474-1A3956D46DE8}") = "HealthMed.Schedule", "HealthMed.Schedule", "{6C5AAB15-B417-48AB-9A69-22816FED272D}"
EndProject
Project("{FAE04EC0-301F-11D3-BF4B-00C04F79EFBC}") = "HealthMed.Schedule.Domain", "HealthMed.Schedule.Domain\HealthMed.Schedule.Domain.csproj", "{D2979A5B-6566-4F49-AB41-28EC9C37EAA3}"
EndProject
Project("{FAE04EC0-301F-11D3-BF4B-00C04F79EFBC}") = "HealthMed.Schedule.Infrastructure", "HealthMed.Schedule.Infrastructure\HealthMed.Schedule.Infrastructure.csproj", "{8ABD917C-EB9E-49C4-9F00-EB6A2885400B}"
EndProject
Project("{FAE04EC0-301F-11D3-BF4B-00C04F79EFBC}") = "HealthMed.Schedule.Application", "HealthMed.Schedule.Application\HealthMed.Schedule.Application.csproj", "{766131DF-0833-455B-BE89-3F3B6C3B9065}"
EndProject
Project("{FAE04EC0-301F-11D3-BF4B-00C04F79EFBC}") = "HealthMed.Schedule.API", "HealthMed.Schedule.API\HealthMed.Schedule.API.csproj", "{7FC96704-2222-4B02-9ACD-B55BCBA28CC6}"
EndProject
Global
	GlobalSection(SolutionConfigurationPlatforms) = preSolution
		Debug|Any CPU = Debug|Any CPU
		Release|Any CPU = Release|Any CPU
	EndGlobalSection
	GlobalSection(ProjectConfigurationPlatforms) = postSolution
		{0779925F-5993-435A-83B4-2531BCD700D5}.Debug|Any CPU.ActiveCfg = Debug|Any CPU
		{0779925F-5993-435A-83B4-2531BCD700D5}.Debug|Any CPU.Build.0 = Debug|Any CPU
		{0779925F-5993-435A-83B4-2531BCD700D5}.Release|Any CPU.ActiveCfg = Release|Any CPU
		{0779925F-5993-435A-83B4-2531BCD700D5}.Release|Any CPU.Build.0 = Release|Any CPU
		{7F6D2ABA-ACD2-495C-A600-9CD6E5388FDB}.Debug|Any CPU.ActiveCfg = Debug|Any CPU
		{7F6D2ABA-ACD2-495C-A600-9CD6E5388FDB}.Debug|Any CPU.Build.0 = Debug|Any CPU
		{7F6D2ABA-ACD2-495C-A600-9CD6E5388FDB}.Release|Any CPU.ActiveCfg = Release|Any CPU
		{7F6D2ABA-ACD2-495C-A600-9CD6E5388FDB}.Release|Any CPU.Build.0 = Release|Any CPU
		{DCB891A1-2BE4-4BB2-A221-65C287EE9870}.Debug|Any CPU.ActiveCfg = Debug|Any CPU
		{DCB891A1-2BE4-4BB2-A221-65C287EE9870}.Debug|Any CPU.Build.0 = Debug|Any CPU
		{DCB891A1-2BE4-4BB2-A221-65C287EE9870}.Release|Any CPU.ActiveCfg = Release|Any CPU
		{DCB891A1-2BE4-4BB2-A221-65C287EE9870}.Release|Any CPU.Build.0 = Release|Any CPU
		{4638ECDB-4C1A-45B6-ABB7-30490844F3DA}.Debug|Any CPU.ActiveCfg = Debug|Any CPU
		{4638ECDB-4C1A-45B6-ABB7-30490844F3DA}.Debug|Any CPU.Build.0 = Debug|Any CPU
		{4638ECDB-4C1A-45B6-ABB7-30490844F3DA}.Release|Any CPU.ActiveCfg = Release|Any CPU
		{4638ECDB-4C1A-45B6-ABB7-30490844F3DA}.Release|Any CPU.Build.0 = Release|Any CPU
		{2BDC86C1-3EE4-4A3F-BF39-949582FF7A13}.Debug|Any CPU.ActiveCfg = Debug|Any CPU
		{2BDC86C1-3EE4-4A3F-BF39-949582FF7A13}.Debug|Any CPU.Build.0 = Debug|Any CPU
		{2BDC86C1-3EE4-4A3F-BF39-949582FF7A13}.Release|Any CPU.ActiveCfg = Release|Any CPU
		{2BDC86C1-3EE4-4A3F-BF39-949582FF7A13}.Release|Any CPU.Build.0 = Release|Any CPU
		{5B5A0C8E-817E-468C-9A91-574ABEFB9CC5}.Debug|Any CPU.ActiveCfg = Debug|Any CPU
		{5B5A0C8E-817E-468C-9A91-574ABEFB9CC5}.Debug|Any CPU.Build.0 = Debug|Any CPU
		{5B5A0C8E-817E-468C-9A91-574ABEFB9CC5}.Release|Any CPU.ActiveCfg = Release|Any CPU
		{5B5A0C8E-817E-468C-9A91-574ABEFB9CC5}.Release|Any CPU.Build.0 = Release|Any CPU
		{B57C4909-BF9F-494D-AA56-7C1609D8309A}.Debug|Any CPU.ActiveCfg = Debug|Any CPU
		{B57C4909-BF9F-494D-AA56-7C1609D8309A}.Debug|Any CPU.Build.0 = Debug|Any CPU
		{B57C4909-BF9F-494D-AA56-7C1609D8309A}.Release|Any CPU.ActiveCfg = Release|Any CPU
		{B57C4909-BF9F-494D-AA56-7C1609D8309A}.Release|Any CPU.Build.0 = Release|Any CPU
		{7B1DCE58-3DA9-4813-B18E-6BB7DBCAD2D2}.Debug|Any CPU.ActiveCfg = Debug|Any CPU
		{7B1DCE58-3DA9-4813-B18E-6BB7DBCAD2D2}.Debug|Any CPU.Build.0 = Debug|Any CPU
		{7B1DCE58-3DA9-4813-B18E-6BB7DBCAD2D2}.Release|Any CPU.ActiveCfg = Release|Any CPU
		{7B1DCE58-3DA9-4813-B18E-6BB7DBCAD2D2}.Release|Any CPU.Build.0 = Release|Any CPU
		{EE73119F-55CF-4266-BBF2-CB6F87DDAD55}.Debug|Any CPU.ActiveCfg = Debug|Any CPU
		{EE73119F-55CF-4266-BBF2-CB6F87DDAD55}.Debug|Any CPU.Build.0 = Debug|Any CPU
		{EE73119F-55CF-4266-BBF2-CB6F87DDAD55}.Release|Any CPU.ActiveCfg = Release|Any CPU
		{EE73119F-55CF-4266-BBF2-CB6F87DDAD55}.Release|Any CPU.Build.0 = Release|Any CPU
		{D2979A5B-6566-4F49-AB41-28EC9C37EAA3}.Debug|Any CPU.ActiveCfg = Debug|Any CPU
		{D2979A5B-6566-4F49-AB41-28EC9C37EAA3}.Debug|Any CPU.Build.0 = Debug|Any CPU
		{D2979A5B-6566-4F49-AB41-28EC9C37EAA3}.Release|Any CPU.ActiveCfg = Release|Any CPU
		{D2979A5B-6566-4F49-AB41-28EC9C37EAA3}.Release|Any CPU.Build.0 = Release|Any CPU
		{8ABD917C-EB9E-49C4-9F00-EB6A2885400B}.Debug|Any CPU.ActiveCfg = Debug|Any CPU
		{8ABD917C-EB9E-49C4-9F00-EB6A2885400B}.Debug|Any CPU.Build.0 = Debug|Any CPU
		{8ABD917C-EB9E-49C4-9F00-EB6A2885400B}.Release|Any CPU.ActiveCfg = Release|Any CPU
		{8ABD917C-EB9E-49C4-9F00-EB6A2885400B}.Release|Any CPU.Build.0 = Release|Any CPU
		{766131DF-0833-455B-BE89-3F3B6C3B9065}.Debug|Any CPU.ActiveCfg = Debug|Any CPU
		{766131DF-0833-455B-BE89-3F3B6C3B9065}.Debug|Any CPU.Build.0 = Debug|Any CPU
		{766131DF-0833-455B-BE89-3F3B6C3B9065}.Release|Any CPU.ActiveCfg = Release|Any CPU
		{766131DF-0833-455B-BE89-3F3B6C3B9065}.Release|Any CPU.Build.0 = Release|Any CPU
		{7FC96704-2222-4B02-9ACD-B55BCBA28CC6}.Debug|Any CPU.ActiveCfg = Debug|Any CPU
		{7FC96704-2222-4B02-9ACD-B55BCBA28CC6}.Debug|Any CPU.Build.0 = Debug|Any CPU
		{7FC96704-2222-4B02-9ACD-B55BCBA28CC6}.Release|Any CPU.ActiveCfg = Release|Any CPU
		{7FC96704-2222-4B02-9ACD-B55BCBA28CC6}.Release|Any CPU.Build.0 = Release|Any CPU
	EndGlobalSection
	GlobalSection(SolutionProperties) = preSolution
		HideSolutionNode = FALSE
	EndGlobalSection
	GlobalSection(NestedProjects) = preSolution
		{0779925F-5993-435A-83B4-2531BCD700D5} = {12FCC98C-D366-41F5-9523-1BAE7DC8FAA5}
		{7F6D2ABA-ACD2-495C-A600-9CD6E5388FDB} = {FA37A779-59AD-4F30-93B8-2F6F36A6F87B}
		{DCB891A1-2BE4-4BB2-A221-65C287EE9870} = {CD45A4CC-774F-4516-95FE-B940F9E0B450}
		{4638ECDB-4C1A-45B6-ABB7-30490844F3DA} = {12FCC98C-D366-41F5-9523-1BAE7DC8FAA5}
		{2BDC86C1-3EE4-4A3F-BF39-949582FF7A13} = {12FCC98C-D366-41F5-9523-1BAE7DC8FAA5}
		{5B5A0C8E-817E-468C-9A91-574ABEFB9CC5} = {12FCC98C-D366-41F5-9523-1BAE7DC8FAA5}
		{B57C4909-BF9F-494D-AA56-7C1609D8309A} = {FA37A779-59AD-4F30-93B8-2F6F36A6F87B}
		{7B1DCE58-3DA9-4813-B18E-6BB7DBCAD2D2} = {FA37A779-59AD-4F30-93B8-2F6F36A6F87B}
		{EE73119F-55CF-4266-BBF2-CB6F87DDAD55} = {FA37A779-59AD-4F30-93B8-2F6F36A6F87B}
		{D2979A5B-6566-4F49-AB41-28EC9C37EAA3} = {6C5AAB15-B417-48AB-9A69-22816FED272D}
		{8ABD917C-EB9E-49C4-9F00-EB6A2885400B} = {6C5AAB15-B417-48AB-9A69-22816FED272D}
		{766131DF-0833-455B-BE89-3F3B6C3B9065} = {6C5AAB15-B417-48AB-9A69-22816FED272D}
		{7FC96704-2222-4B02-9ACD-B55BCBA28CC6} = {6C5AAB15-B417-48AB-9A69-22816FED272D}
	EndGlobalSection
EndGlobal
