
Microsoft Visual Studio Solution File, Format Version 12.00
# Visual Studio Version 17
VisualStudioVersion = 17.12.35521.163 d17.12
MinimumVisualStudioVersion = 10.0.40219.1
Project("{FAE04EC0-301F-11D3-BF4B-00C04F79EFBC}") = "HealthMed.Auth.API", "HealthMed.Auth.API\HealthMed.Auth.API.csproj", "{0779925F-5993-435A-83B4-2531BCD700D5}"
EndProject
Project("{2150E333-8FDC-42A3-9474-1A3956D46DE8}") = "HealthMed.Auth", "HealthMed.Auth", "{12FCC98C-D366-41F5-9523-1BAE7DC8FAA5}"
EndProject
Project("{2150E333-8FDC-42A3-9474-1A3956D46DE8}") = "HealthMed.Appointments", "HealthMed.Appointments", "{FA37A779-59AD-4F30-93B8-2F6F36A6F87B}"
EndProject
Project("{FAE04EC0-301F-11D3-BF4B-00C04F79EFBC}") = "HealthMed.Appointments.API", "HealthMed.Appointments\HealthMed.Appointments.API.csproj", "{7F6D2ABA-ACD2-495C-A600-9CD6E5388FDB}"
EndProject
Project("{2150E333-8FDC-42A3-9474-1A3956D46DE8}") = "Shared", "Shared", "{CD45A4CC-774F-4516-95FE-B940F9E0B450}"
EndProject
Project("{FAE04EC0-301F-11D3-BF4B-00C04F79EFBC}") = "HealthMed.Shared", "HealthMed.Shared\HealthMed.Shared.csproj", "{DCB891A1-2BE4-4BB2-A221-65C287EE9870}"
EndProject
Global
	GlobalSection(SolutionConfigurationPlatforms) = preSolution
		Debug|Any CPU = Debug|Any CPU
		Release|Any CPU = Release|Any CPU
	EndGlobalSection
	GlobalSection(ProjectConfigurationPlatforms) = postSolution
		{0779925F-5993-435A-83B4-2531BCD700D5}.Debug|Any CPU.ActiveCfg = Debug|Any CPU
		{0779925F-5993-435A-83B4-2531BCD700D5}.Debug|Any CPU.Build.0 = Debug|Any CPU
		{0779925F-5993-435A-83B4-2531BCD700D5}.Release|Any CPU.ActiveCfg = Release|Any CPU
		{0779925F-5993-435A-83B4-2531BCD700D5}.Release|Any CPU.Build.0 = Release|Any CPU
		{7F6D2ABA-ACD2-495C-A600-9CD6E5388FDB}.Debug|Any CPU.ActiveCfg = Debug|Any CPU
		{7F6D2ABA-ACD2-495C-A600-9CD6E5388FDB}.Debug|Any CPU.Build.0 = Debug|Any CPU
		{7F6D2ABA-ACD2-495C-A600-9CD6E5388FDB}.Release|Any CPU.ActiveCfg = Release|Any CPU
		{7F6D2ABA-ACD2-495C-A600-9CD6E5388FDB}.Release|Any CPU.Build.0 = Release|Any CPU
		{DCB891A1-2BE4-4BB2-A221-65C287EE9870}.Debug|Any CPU.ActiveCfg = Debug|Any CPU
		{DCB891A1-2BE4-4BB2-A221-65C287EE9870}.Debug|Any CPU.Build.0 = Debug|Any CPU
		{DCB891A1-2BE4-4BB2-A221-65C287EE9870}.Release|Any CPU.ActiveCfg = Release|Any CPU
		{DCB891A1-2BE4-4BB2-A221-65C287EE9870}.Release|Any CPU.Build.0 = Release|Any CPU
	EndGlobalSection
	GlobalSection(SolutionProperties) = preSolution
		HideSolutionNode = FALSE
	EndGlobalSection
	GlobalSection(NestedProjects) = preSolution
		{0779925F-5993-435A-83B4-2531BCD700D5} = {12FCC98C-D366-41F5-9523-1BAE7DC8FAA5}
		{7F6D2ABA-ACD2-495C-A600-9CD6E5388FDB} = {FA37A779-59AD-4F30-93B8-2F6F36A6F87B}
		{DCB891A1-2BE4-4BB2-A221-65C287EE9870} = {CD45A4CC-774F-4516-95FE-B940F9E0B450}
	EndGlobalSection
EndGlobal
